{
  "version": 4,
  "terraform_version": "1.9.8",
  "serial": 7,
  "lineage": "e90807fd-59fa-2a67-a13f-1dcb42334099",
  "outputs": {},
  "resources": [
    {
      "mode": "managed",
      "type": "spotify_playlist",
      "name": "Tollywood",
      "provider": "provider[\"registry.terraform.io/conradludgate/spotify\"]",
      "instances": [
        {
          "schema_version": 0,
          "attributes": {
            "description": null,
            "id": "7gFbaEUiNoQUQQ5sR6wNnC",
            "name": " MY Tollywood playlist",
            "public": true,
            "snapshot_id": "AAAAApKqHqlHHdaJL89mK943Fx1QuJBr",
            "tracks": [
              "1bxzr3JK05fMTcweGAZUHp"
            ]
          },
          "sensitive_attributes": [],
          "private": "bnVsbA=="
        }
      ]
    }
  ],
  "check_results": null
}
